
Microsoft Visual Studio Solution File, Format Version 12.00
# Visual Studio Version 16
VisualStudioVersion = 16.0.31410.357
MinimumVisualStudioVersion = 10.0.40219.1
Project("{FAE04EC0-301F-11D3-BF4B-00C04F79EFBC}") = "mybook", "mybook\mybook.csproj", "{98ABAE69-2954-4A4D-A499-EDE71D3CB4AB}"
EndProject
Global
	GlobalSection(SolutionConfigurationPlatforms) = preSolution
		Debug|Any CPU = Debug|Any CPU
		Release|Any CPU = Release|Any CPU
	EndGlobalSection
	GlobalSection(ProjectConfigurationPlatforms) = postSolution
		{98ABAE69-2954-4A4D-A499-EDE71D3CB4AB}.Debug|Any CPU.ActiveCfg = Debug|Any CPU
		{98ABAE69-2954-4A4D-A499-EDE71D3CB4AB}.Debug|Any CPU.Build.0 = Debug|Any CPU
		{98ABAE69-2954-4A4D-A499-EDE71D3CB4AB}.Release|Any CPU.ActiveCfg = Release|Any CPU
		{98ABAE69-2954-4A4D-A499-EDE71D3CB4AB}.Release|Any CPU.Build.0 = Release|Any CPU
	EndGlobalSection
	GlobalSection(SolutionProperties) = preSolution
		HideSolutionNode = FALSE
	EndGlobalSection
	GlobalSection(ExtensibilityGlobals) = postSolution
		SolutionGuid = {EC560339-24C7-4FC2-9EB0-7E8BD00E0F50}
	EndGlobalSection
EndGlobal
